
Microsoft Visual Studio Solution File, Format Version 12.00
# Visual Studio Version 17
VisualStudioVersion = 17.8.34316.72
MinimumVisualStudioVersion = 10.0.40219.1
Project("{FAE04EC0-301F-11D3-BF4B-00C04F79EFBC}") = "POSWebApp", "POSWebApp.csproj", "{74C84EDC-F47F-4754-B775-1A633CBB142C}"
EndProject
Project("{9A19103F-16F7-4668-BE54-9A1E7A4F7556}") = "ESCPOS_NET", "..\ESC-POS-.NET\ESCPOS_NET\ESCPOS_NET.csproj", "{70609473-3D69-4BEE-8680-BFC393F69907}"
EndProject
Global
	GlobalSection(SolutionConfigurationPlatforms) = preSolution
		Debug|Any CPU = Debug|Any CPU
		Release|Any CPU = Release|Any CPU
	EndGlobalSection
	GlobalSection(ProjectConfigurationPlatforms) = postSolution
		{74C84EDC-F47F-4754-B775-1A633CBB142C}.Debug|Any CPU.ActiveCfg = Debug|Any CPU
		{74C84EDC-F47F-4754-B775-1A633CBB142C}.Debug|Any CPU.Build.0 = Debug|Any CPU
		{74C84EDC-F47F-4754-B775-1A633CBB142C}.Release|Any CPU.ActiveCfg = Release|Any CPU
		{74C84EDC-F47F-4754-B775-1A633CBB142C}.Release|Any CPU.Build.0 = Release|Any CPU
		{70609473-3D69-4BEE-8680-BFC393F69907}.Debug|Any CPU.ActiveCfg = Debug|Any CPU
		{70609473-3D69-4BEE-8680-BFC393F69907}.Debug|Any CPU.Build.0 = Debug|Any CPU
		{70609473-3D69-4BEE-8680-BFC393F69907}.Release|Any CPU.ActiveCfg = Release|Any CPU
		{70609473-3D69-4BEE-8680-BFC393F69907}.Release|Any CPU.Build.0 = Release|Any CPU
	EndGlobalSection
	GlobalSection(SolutionProperties) = preSolution
		HideSolutionNode = FALSE
	EndGlobalSection
	GlobalSection(ExtensibilityGlobals) = postSolution
		SolutionGuid = {E8DA678A-2C54-4EFA-B7D9-7B897146A9DE}
	EndGlobalSection
EndGlobal
